NeoBundleLock neobundle.vim c6fa48cd665071b7a4dbf5ab53f48cd5884716ee
NeoBundleLock neomru.vim c7bf447627679a3f06f0f3caf893b0497d0aa90b
NeoBundleLock tcomment_vim dd8999ca3b5e252f604a0ec98f7f6ed697be792c
NeoBundleLock ultisnips 5352d98f212e273b3e8b1d84efdbe2d6a6d557e9
NeoBundleLock unite-outline ce28a9020423dccd566a84af839284d78e81c69a
NeoBundleLock unite.vim 39dbd776f304d3a5f20483298be80991ed8fbd09
NeoBundleLock vim-easy-align 3b395bd5bafbdfb1f93190fa3f259b7ad2e40eb9
NeoBundleLock vim-fugitive d6e7e20123ef3892c041e4d9fbaf67a68b144a94
NeoBundleLock vim-indent-guides 018298ead9d3aa9cd3b4ae222f81022a33978b09
NeoBundleLock vim-multiple-cursors 92d0b8dc446e91984cc4a9722b767f5a28504d47
NeoBundleLock vim-snippets 8a0f865950d70d6de1e39cec20ad4d52b611bd8f
NeoBundleLock vim-surround ad7553937df3413d2f965d614e9d3c9d1cdbf3ed
NeoBundleLock vimfiler.vim 80369ec003d02923d0b8e121213bdc76d44b878b
NeoBundleLock vimproc 25cb83f24edec4aec1e9f1329302235e7a7a7fe0
